
Microsoft Visual Studio Solution File, Format Version 12.00
# Visual Studio Version 16
VisualStudioVersion = 16.0.30709.64
MinimumVisualStudioVersion = 10.0.40219.1
Project("{9A19103F-16F7-4668-BE54-9A1E7A4F7556}") = "TwitchMonitor", "TwitchMonitor\TwitchMonitor.csproj", "{67A992FC-7711-4F56-8753-79E21CBD8653}"
EndProject
Project("{FAE04EC0-301F-11D3-BF4B-00C04F79EFBC}") = "TwitchBot", "TwitchBot\TwitchBot.csproj", "{35322276-A875-477A-ACBF-4FBFA9015F97}"
EndProject
Global
	GlobalSection(SolutionConfigurationPlatforms) = preSolution
		Debug|Any CPU = Debug|Any CPU
		Release|Any CPU = Release|Any CPU
	EndGlobalSection
	GlobalSection(ProjectConfigurationPlatforms) = postSolution
		{67A992FC-7711-4F56-8753-79E21CBD8653}.Debug|Any CPU.ActiveCfg = Debug|Any CPU
		{67A992FC-7711-4F56-8753-79E21CBD8653}.Debug|Any CPU.Build.0 = Debug|Any CPU
		{67A992FC-7711-4F56-8753-79E21CBD8653}.Release|Any CPU.ActiveCfg = Release|Any CPU
		{67A992FC-7711-4F56-8753-79E21CBD8653}.Release|Any CPU.Build.0 = Release|Any CPU
		{35322276-A875-477A-ACBF-4FBFA9015F97}.Debug|Any CPU.ActiveCfg = Debug|Any CPU
		{35322276-A875-477A-ACBF-4FBFA9015F97}.Debug|Any CPU.Build.0 = Debug|Any CPU
		{35322276-A875-477A-ACBF-4FBFA9015F97}.Release|Any CPU.ActiveCfg = Release|Any CPU
		{35322276-A875-477A-ACBF-4FBFA9015F97}.Release|Any CPU.Build.0 = Release|Any CPU
	EndGlobalSection
	GlobalSection(SolutionProperties) = preSolution
		HideSolutionNode = FALSE
	EndGlobalSection
	GlobalSection(ExtensibilityGlobals) = postSolution
		SolutionGuid = {93B3C3C8-211A-4863-AA68-3199193ED30C}
	EndGlobalSection
EndGlobal
